
Microsoft Visual Studio Solution File, Format Version 12.00
# Visual Studio Version 16
VisualStudioVersion = 16.0.29020.237
MinimumVisualStudioVersion = 10.0.40219.1
Project("{FAE04EC0-301F-11D3-BF4B-00C04F79EFBC}") = "GG", "GG.csproj", "{550E3F10-94C4-4477-87B3-52C2E24E6E46}"
EndProject
Global
	GlobalSection(SolutionConfigurationPlatforms) = preSolution
		Debug|Any CPU = Debug|Any CPU
		Release|Any CPU = Release|Any CPU
	EndGlobalSection
	GlobalSection(ProjectConfigurationPlatforms) = postSolution
		{550E3F10-94C4-4477-87B3-52C2E24E6E46}.Debug|Any CPU.ActiveCfg = Debug|Any CPU
		{550E3F10-94C4-4477-87B3-52C2E24E6E46}.Debug|Any CPU.Build.0 = Debug|Any CPU
		{550E3F10-94C4-4477-87B3-52C2E24E6E46}.Release|Any CPU.ActiveCfg = Release|Any CPU
		{550E3F10-94C4-4477-87B3-52C2E24E6E46}.Release|Any CPU.Build.0 = Release|Any CPU
	EndGlobalSection
	GlobalSection(SolutionProperties) = preSolution
		HideSolutionNode = FALSE
	EndGlobalSection
	GlobalSection(ExtensibilityGlobals) = postSolution
		SolutionGuid = {67690F1D-D72D-46B7-A876-CDD8497EA0BE}
	EndGlobalSection
EndGlobal
